// !$*UTF8*$!
{
	archiveVersion = 1;
	classes = {
	};
	objectVersion = 46;
	objects = {

/* Begin PBXBuildFile section */
		C2BCFDA41CA52319005E2D51 /* main.m in Sources */ = {isa = PBXBuildFile; fileRef = C2BCFDA31CA52319005E2D51 /* main.m */; };
		C2BCFDA71CA52319005E2D51 /* AppDelegate.m in Sources */ = {isa = PBXBuildFile; fileRef = C2BCFDA61CA52319005E2D51 /* AppDelegate.m */; };
		C2BCFDAA1CA52319005E2D51 /* ViewController.m in Sources */ = {isa = PBXBuildFile; fileRef = C2BCFDA91CA52319005E2D51 /* ViewController.m */; };
		C2BCFDAD1CA52319005E2D51 /* Main.storyboard in Resources */ = {isa = PBXBuildFile; fileRef = C2BCFDAB1CA52319005E2D51 /* Main.storyboard */; };
		C2BCFDAF1CA52319005E2D51 /* Assets.xcassets in Resources */ = {isa = PBXBuildFile; fileRef = C2BCFDAE1CA52319005E2D51 /* Assets.xcassets */; };
		C2BCFDB21CA52319005E2D51 /* LaunchScreen.storyboard in Resources */ = {isa = PBXBuildFile; fileRef = C2BCFDB01CA52319005E2D51 /* LaunchScreen.storyboard */; };
		F6C12C3A904A183EF39825B3 /* libPods.a in Frameworks */ = {isa = PBXBuildFile; fileRef = 8AB8620CB51A8D7761572EC7 /* libPods.a */; };
/* End PBXBuildFile section */

/* Begin PBXFileReference section */
		6E39F960F83E4D83CFFABF1A /* Pods.release.xcconfig */ = {isa = PBXFileReference; includeInIndex = 1; lastKnownFileType = text.xcconfig; name = Pods.release.xcconfig; path = "Pods/Target Support Files/Pods/Pods.release.xcconfig"; sourceTree = "<group>"; };
		8AB8620CB51A8D7761572EC7 /* libPods.a */ = {isa = PBXFileReference; explicitFileType = archive.ar; includeInIndex = 0; path = libPods.a; sourceTree = BUILT_PRODUCTS_DIR; };
		B298D66FDB7BF331CAB74AB0 /* Pods.debug.xcconfig */ = {isa = PBXFileReference; includeInIndex = 1; lastKnownFileType = text.xcconfig; name = Pods.debug.xcconfig; path = "Pods/Target Support Files/Pods/Pods.debug.xcconfig"; sourceTree = "<group>"; };
		C2BCFD9F1CA52319005E2D51 /* 12qwq.app */ = {isa = PBXFileReference; explicitFileType = wrapper.application; includeInIndex = 0; path = 12qwq.app; sourceTree = BUILT_PRODUCTS_DIR; };
		C2BCFDA31CA52319005E2D51 /* main.m */ = {isa = PBXFileReference; lastKnownFileType = sourcecode.c.objc; path = main.m; sourceTree = "<group>"; };
		C2BCFDA51CA52319005E2D51 /* AppDelegate.h */ = {isa = PBXFileReference; lastKnownFileType = sourcecode.c.h; path = AppDelegate.h; sourceTree = "<group>"; };
		C2BCFDA61CA52319005E2D51 /* AppDelegate.m */ = {isa = PBXFileReference; lastKnownFileType = sourcecode.c.objc; path = AppDelegate.m; sourceTree = "<group>"; };
		C2BCFDA81CA52319005E2D51 /* ViewController.h */ = {isa = PBXFileReference; lastKnownFileType = sourcecode.c.h; path = ViewController.h; sourceTree = "<group>"; };
		C2BCFDA91CA52319005E2D51 /* ViewController.m */ = {isa = PBXFileReference; lastKnownFileType = sourcecode.c.objc; path = ViewController.m; sourceTree = "<group>"; };
		C2BCFDAC1CA52319005E2D51 /* Base */ = {isa = PBXFileReference; lastKnownFileType = file.storyboard; name = Base; path = Base.lproj/Main.storyboard; sourceTree = "<group>"; };
		C2BCFDAE1CA52319005E2D51 /* Assets.xcassets */ = {isa = PBXFileReference; lastKnownFileType = folder.assetcatalog; path = Assets.xcassets; sourceTree = "<group>"; };
		C2BCFDB11CA52319005E2D51 /* Base */ = {isa = PBXFileReference; lastKnownFileType = file.storyboard; name = Base; path = Base.lproj/LaunchScreen.storyboard; sourceTree = "<group>"; };
		C2BCFDB31CA52319005E2D51 /* Info.plist */ = {isa = PBXFileReference; lastKnownFileType = text.plist.xml; path = Info.plist; sourceTree = "<group>"; };
/* End PBXFileReference section */

/* Begin PBXFrameworksBuildPhase section */
		C2BCFD9C1CA52319005E2D51 /* Frameworks */ = {
			isa = PBXFrameworksBuildPhase;
			buildActionMask = 2147483647;
			files = (
				F6C12C3A904A183EF39825B3 /* libPods.a in Frameworks */,
			);
			runOnlyForDeploymentPostprocessing = 0;
		};
/* End PBXFrameworksBuildPhase section */

/* Begin PBXGroup section */
		57B9D7CB5F03EC88595CC87F /* Pods */ = {
			isa = PBXGroup;
			children = (
				B298D66FDB7BF331CAB74AB0 /* Pods.debug.xcconfig */,
				6E39F960F83E4D83CFFABF1A /* Pods.release.xcconfig */,
			);
			name = Pods;
			sourceTree = "<group>";
		};
		B00041AE7C1DC9B489DD9C4A /* Frameworks */ = {
			isa = PBXGroup;
			children = (
				8AB8620CB51A8D7761572EC7 /* libPods.a */,
			);
			name = Frameworks;
			sourceTree = "<group>";
		};
		C2BCFD961CA52319005E2D51 = {
			isa = PBXGroup;
			children = (
				C2BCFDA11CA52319005E2D51 /* 12qwq */,
				C2BCFDA01CA52319005E2D51 /* Products */,
				57B9D7CB5F03EC88595CC87F /* Pods */,
				B00041AE7C1DC9B489DD9C4A /* Frameworks */,
			);
			sourceTree = "<group>";
		};
		C2BCFDA01CA52319005E2D51 /* Products */ = {
			isa = PBXGroup;
			children = (
				C2BCFD9F1CA52319005E2D51 /* 12qwq.app */,
			);
			name = Products;
			sourceTree = "<group>";
		};
		C2BCFDA11CA52319005E2D51 /* 12qwq */ = {
			isa = PBXGroup;
			children = (
				C2BCFDA51CA52319005E2D51 /* AppDelegate.h */,
				C2BCFDA61CA52319005E2D51 /* AppDelegate.m */,
				C2BCFDA81CA52319005E2D51 /* ViewController.h */,
				C2BCFDA91CA52319005E2D51 /* ViewController.m */,
				C2BCFDAB1CA52319005E2D51 /* Main.storyboard */,
				C2BCFDAE1CA52319005E2D51 /* Assets.xcassets */,
				C2BCFDB01CA52319005E2D51 /* LaunchScreen.storyboard */,
				C2BCFDB31CA52319005E2D51 /* Info.plist */,
				C2BCFDA21CA52319005E2D51 /* Supporting Files */,
			);
			path = 12qwq;
			sourceTree = "<group>";
		};
		C2BCFDA21CA52319005E2D51 /* Supporting Files */ = {
			isa = PBXGroup;
			children = (
				C2BCFDA31CA52319005E2D51 /* main.m */,
			);
			name = "Supporting Files";
			sourceTree = "<group>";
		};
/* End PBXGroup section */

/* Begin PBXNativeTarget section */
		C2BCFD9E1CA52319005E2D51 /* 12qwq */ = {
			isa = PBXNativeTarget;
			buildConfigurationList = C2BCFDB61CA52319005E2D51 /* Build configuration list for PBXNativeTarget "12qwq" */;
			buildPhases = (
				250E42982D1E8CDB172DDAE2 /* Check Pods Manifest.lock */,
				C2BCFD9B1CA52319005E2D51 /* Sources */,
				C2BCFD9C1CA52319005E2D51 /* Frameworks */,
				C2BCFD9D1CA52319005E2D51 /* Resources */,
				8DAB9FB57D3F0246A1A67520 /* Embed Pods Frameworks */,
				195FC780D2DC1F232E8700AE /* Copy Pods Resources */,
			);
			buildRules = (
			);
			dependencies = (
			);
			name = 12qwq;
			productName = 12qwq;
			productReference = C2BCFD9F1CA52319005E2D51 /* 12qwq.app */;
			productType = "com.apple.product-type.application";
		};
/* End PBXNativeTarget section */

/* Begin PBXProject section */
		C2BCFD971CA52319005E2D51 /* Project object */ = {
			isa = PBXProject;
			attributes = {
				LastUpgradeCheck = 0720;
				ORGANIZATIONNAME = "高艳闯";
				TargetAttributes = {
					C2BCFD9E1CA52319005E2D51 = {
						CreatedOnToolsVersion = 7.2;
					};
				};
			};
			buildConfigurationList = C2BCFD9A1CA52319005E2D51 /* Build configuration list for PBXProject "12qwq" */;
			compatibilityVersion = "Xcode 3.2";
			developmentRegion = English;
			hasScannedForEncodings = 0;
			knownRegions = (
				en,
				Base,
			);
			mainGroup = C2BCFD961CA52319005E2D51;
			productRefGroup = C2BCFDA01CA52319005E2D51 /* Products */;
			projectDirPath = "";
			projectRoot = "";
			targets = (
				C2BCFD9E1CA52319005E2D51 /* 12qwq */,
			);
		};
/* End PBXProject section */

/* Begin PBXResourcesBuildPhase section */
		C2BCFD9D1CA52319005E2D51 /* Resources */ = {
			isa = PBXResourcesBuildPhase;
			buildActionMask = 2147483647;
			files = (
				C2BCFDB21CA52319005E2D51 /* LaunchScreen.storyboard in Resources */,
				C2BCFDAF1CA52319005E2D51 /* Assets.xcassets in Resources */,
				C2BCFDAD1CA52319005E2D51 /* Main.storyboard in Resources */,
			);
			runOnlyForDeploymentPostprocessing = 0;
		};
/* End PBXResourcesBuildPhase section */

/* Begin PBXShellScriptBuildPhase section */
		195FC780D2DC1F232E8700AE /* Copy Pods Resources */ = {
			isa = PBXShellScriptBuildPhase;
			buildActionMask = 2147483647;
			files = (
			);
			inputPaths = (
			);
			name = "Copy Pods Resources";
			outputPaths = (
			);
			runOnlyForDeploymentPostprocessing = 0;
			shellPath = /bin/sh;
			shellScript = "\"${SRCROOT}/Pods/Target Support Files/Pods/Pods-resources.sh\"\n";
			showEnvVarsInLog = 0;
		};
		250E42982D1E8CDB172DDAE2 /* Check Pods Manifest.lock */ = {
			isa = PBXShellScriptBuildPhase;
			buildActionMask = 2147483647;
			files = (
			);
			inputPaths = (
			);
			name = "Check Pods Manifest.lock";
			outputPaths = (
			);
			runOnlyForDeploymentPostprocessing = 0;
			shellPath = /bin/sh;
			shellScript = "diff \"${PODS_ROOT}/../Podfile.lock\" \"${PODS_ROOT}/Manifest.lock\" > /dev/null\nif [[ $? != 0 ]] ; then\n    cat << EOM\nerror: The sandbox is not in sync with the Podfile.lock. Run 'pod install' or update your CocoaPods installation.\nEOM\n    exit 1\nfi\n";
			showEnvVarsInLog = 0;
		};
		8DAB9FB57D3F0246A1A67520 /* Embed Pods Frameworks */ = {
			isa = PBXShellScriptBuildPhase;
			buildActionMask = 2147483647;
			files = (
			);
			inputPaths = (
			);
			name = "Embed Pods Frameworks";
			outputPaths = (
			);
			runOnlyForDeploymentPostprocessing = 0;
			shellPath = /bin/sh;
			shellScript = "\"${SRCROOT}/Pods/Target Support Files/Pods/Pods-frameworks.sh\"\n";
			showEnvVarsInLog = 0;
		};
/* End PBXShellScriptBuildPhase section */

/* Begin PBXSourcesBuildPhase section */
		C2BCFD9B1CA52319005E2D51 /* Sources */ = {
			isa = PBXSourcesBuildPhase;
			buildActionMask = 2147483647;
			files = (
				C2BCFDAA1CA52319005E2D51 /* ViewController.m in Sources */,
				C2BCFDA71CA52319005E2D51 /* AppDelegate.m in Sources */,
				C2BCFDA41CA52319005E2D51 /* main.m in Sources */,
			);
			runOnlyForDeploymentPostprocessing = 0;
		};
/* End PBXSourcesBuildPhase section */

/* Begin PBXVariantGroup section */
		C2BCFDAB1CA52319005E2D51 /* Main.storyboard */ = {
			isa = PBXVariantGroup;
			children = (
				C2BCFDAC1CA52319005E2D51 /* Base */,
			);
			name = Main.storyboard;
			sourceTree = "<group>";
		};
		C2BCFDB01CA52319005E2D51 /* LaunchScreen.storyboard */ = {
			isa = PBXVariantGroup;
			children = (
				C2BCFDB11CA52319005E2D51 /* Base */,
			);
			name = LaunchScreen.storyboard;
			sourceTree = "<group>";
		};
/* End PBXVariantGroup section */

/* Begin XCBuildConfiguration section */
		C2BCFDB41CA52319005E2D51 /* Debug */ = {
			isa = XCBuildConfiguration;
			buildSettings = {
				ALWAYS_SEARCH_USER_PATHS = NO;
				CLANG_CXX_LANGUAGE_STANDARD = "gnu++0x";
				CLANG_CXX_LIBRARY = "libc++";
				CLANG_ENABLE_MODULES = YES;
				CLANG_ENABLE_OBJC_ARC = YES;
				CLANG_WARN_BOOL_CONVERSION = YES;
				CLANG_WARN_CONSTANT_CONVERSION = YES;
				CLANG_WARN_DIRECT_OBJC_ISA_USAGE = YES_ERROR;
				CLANG_WARN_EMPTY_BODY = YES;
				CLANG_WARN_ENUM_CONVERSION = YES;
				CLANG_WARN_INT_CONVERSION = YES;
				CLANG_WARN_OBJC_ROOT_CLASS = YES_ERROR;
				CLANG_WARN_UNREACHABLE_CODE = YES;
				CLANG_WARN__DUPLICATE_METHOD_MATCH = YES;
				"CODE_SIGN_IDENTITY[sdk=iphoneos*]" = "iPhone Developer";
				COPY_PHASE_STRIP = NO;
				DEBUG_INFORMATION_FORMAT = dwarf;
				ENABLE_STRICT_OBJC_MSGSEND = YES;
				ENABLE_TESTABILITY = YES;
				GCC_C_LANGUAGE_STANDARD = gnu99;
				GCC_DYNAMIC_NO_PIC = NO;
				GCC_NO_COMMON_BLOCKS = YES;
				GCC_OPTIMIZATION_LEVEL = 0;
				GCC_PREPROCESSOR_DEFINITIONS = (
					"DEBUG=1",
					"$(inherited)",
				);
				GCC_WARN_64_TO_32_BIT_CONVERSION = YES;
				GCC_WARN_ABOUT_RETURN_TYPE = YES_ERROR;
				GCC_WARN_UNDECLARED_SELECTOR = YES;
				GCC_WARN_UNINITIALIZED_AUTOS = YES_AGGRESSIVE;
				GCC_WARN_UNUSED_FUNCTION = YES;
				GCC_WARN_UNUSED_VARIABLE = YES;
				IPHONEOS_DEPLOYMENT_TARGET = 9.2;
				MTL_ENABLE_DEBUG_INFO = YES;
				ONLY_ACTIVE_ARCH = YES;
				SDKROOT = iphoneos;
				TARGETED_DEVICE_FAMILY = "1,2";
			};
			name = Debug;
		};
		C2BCFDB51CA52319005E2D51 /* Release */ = {
			isa = XCBuildConfiguration;
			buildSettings = {
				ALWAYS_SEARCH_USER_PATHS = NO;
				CLANG_CXX_LANGUAGE_STANDARD = "gnu++0x";
				CLANG_CXX_LIBRARY = "libc++";
				CLANG_ENABLE_MODULES = YES;
				CLANG_ENABLE_OBJC_ARC = YES;
				CLANG_WARN_BOOL_CONVERSION = YES;
				CLANG_WARN_CONSTANT_CONVERSION = YES;
				CLANG_WARN_DIRECT_OBJC_ISA_USAGE = YES_ERROR;
				CLANG_WARN_EMPTY_BODY = YES;
				CLANG_WARN_ENUM_CONVERSION = YES;
				CLANG_WARN_INT_CONVERSION = YES;
				CLANG_WARN_OBJC_ROOT_CLASS = YES_ERROR;
				CLANG_WARN_UNREACHABLE_CODE = YES;
				CLANG_WARN__DUPLICATE_METHOD_MATCH = YES;
				"CODE_SIGN_IDENTITY[sdk=iphoneos*]" = "iPhone Developer";
				COPY_PHASE_STRIP = NO;
				DEBUG_INFORMATION_FORMAT = "dwarf-with-dsym";
				ENABLE_NS_ASSERTIONS = NO;
				ENABLE_STRICT_OBJC_MSGSEND = YES;
				GCC_C_LANGUAGE_STANDARD = gnu99;
				GCC_NO_COMMON_BLOCKS = YES;
				GCC_WARN_64_TO_32_BIT_CONVERSION = YES;
				GCC_WARN_ABOUT_RETURN_TYPE = YES_ERROR;
				GCC_WARN_UNDECLARED_SELECTOR = YES;
				GCC_WARN_UNINITIALIZED_AUTOS = YES_AGGRESSIVE;
				GCC_WARN_UNUSED_FUNCTION = YES;
				GCC_WARN_UNUSED_VARIABLE = YES;
				IPHONEOS_DEPLOYMENT_TARGET = 9.2;
				MTL_ENABLE_DEBUG_INFO = NO;
				SDKROOT = iphoneos;
				TARGETED_DEVICE_FAMILY = "1,2";
				VALIDATE_PRODUCT = YES;
			};
			name = Release;
		};
		C2BCFDB71CA52319005E2D51 /* Debug */ = {
			isa = XCBuildConfiguration;
			baseConfigurationReference = B298D66FDB7BF331CAB74AB0 /* Pods.debug.xcconfig */;
			buildSettings = {
				ASSETCATALOG_COMPILER_APPICON_NAME = AppIcon;
				INFOPLIST_FILE = 12qwq/Info.plist;
				LD_RUNPATH_SEARCH_PATHS = "$(inherited) @executable_path/Frameworks";
				PRODUCT_BUNDLE_IDENTIFIER = "com.lanou3g.-2qwq";
				PRODUCT_NAME = "$(TARGET_NAME)";
			};
			name = Debug;
		};
		C2BCFDB81CA52319005E2D51 /* Release */ = {
			isa = XCBuildConfiguration;
			baseConfigurationReference = 6E39F960F83E4D83CFFABF1A /* Pods.release.xcconfig */;
			buildSettings = {
				ASSETCATALOG_COMPILER_APPICON_NAME = AppIcon;
				INFOPLIST_FILE = 12qwq/Info.plist;
				LD_RUNPATH_SEARCH_PATHS = "$(inherited) @executable_path/Frameworks";
				PRODUCT_BUNDLE_IDENTIFIER = "com.lanou3g.-2qwq";
				PRODUCT_NAME = "$(TARGET_NAME)";
			};
			name = Release;
		};
/* End XCBuildConfiguration section */

/* Begin XCConfigurationList section */
		C2BCFD9A1CA52319005E2D51 /* Build configuration list for PBXProject "12qwq" */ = {
			isa = XCConfigurationList;
			buildConfigurations = (
				C2BCFDB41CA52319005E2D51 /* Debug */,
				C2BCFDB51CA52319005E2D51 /* Release */,
			);
			defaultConfigurationIsVisible = 0;
			defaultConfigurationName = Release;
		};
		C2BCFDB61CA52319005E2D51 /* Build configuration list for PBXNativeTarget "12qwq" */ = {
			isa = XCConfigurationList;
			buildConfigurations = (
				C2BCFDB71CA52319005E2D51 /* Debug */,
				C2BCFDB81CA52319005E2D51 /* Release */,
			);
			defaultConfigurationIsVisible = 0;
			defaultConfigurationName = Release;
		};
/* End XCConfigurationList section */
	};
	rootObject = C2BCFD971CA52319005E2D51 /* Project object */;
}
